# THIS IS AN AUTOGENERATED FILE. DO NOT EDIT THIS FILE DIRECTLY.
# yarn lockfile v1


dexie@^2.0.4:
  version "2.0.4"
  resolved "https://registry.yarnpkg.com/dexie/-/dexie-2.0.4.tgz#6027a5e05879424e8f9979d8c14e7420f27e3a11"
  integrity sha512-aQ/s1U2wHxwBKRrt2Z/mwFNHMQWhESerFsMYzE+5P5OsIe5o1kgpFMWkzKTtkvkyyEni6mWr/T4HUJuY9xIHLA==
